FORGE
  remote: https://forgeapi.puppetlabs.com
  specs:
    example42-puppi (2.1.12)
    golja-gnupg (1.2.1)
    maestrodev-rvm (1.12.1)
      golja-gnupg (>= 1.2.0)
      puppetlabs-stdlib (>= 4.2.0)
    nanliu-staging (1.0.3)
    puppetlabs-java (1.4.2)
      puppetlabs-stdlib (< 5.0.0, >= 2.4.0)
    puppetlabs-mysql (3.6.1)
      nanliu-staging (< 2.0.0, >= 1.0.1)
      puppetlabs-stdlib (< 5.0.0, >= 3.2.0)
    puppetlabs-stdlib (4.9.0)
    stahnma-epel (1.1.1)
    stankevich-python (1.9.8)
      puppetlabs-stdlib (< 6.0.0, >= 4.6.0)
      stahnma-epel (< 2.0.0, >= 1.0.1)

GIT
  remote: git://github.com/puppetlabs/puppetlabs-firewall.git
  ref: 1.7.1
  sha: c9a79d5c8ef5e6af35eb7feaa6cecf8b530424ba
  specs:
    puppetlabs-firewall (1.7.1)

GIT
  remote: https://github.com/Mylezeem/puppet-repoforge.git
  ref: 0.2.1
  sha: 25a7f2234d451884b0ce128403ced82879cf7f9c
  specs:
    yguenane-repoforge (0.2.0)
      puppetlabs-stdlib (>= 3.2.0)

PATH
  remote: ./modules-local/archivesspace
  specs:
    flannon-archivesspace (0.1.0)
      example42-puppi (>= 2.1.12)
      puppetlabs-stdlib (>= 1.0.0)

PATH
  remote: ./modules-local/fw
  specs:
    flannon-fw (0.1.1)
      puppetlabs-stdlib (>= 1.0.0)

PATH
  remote: ./modules-local/housekeeping
  specs:
    flannon-housekeeping (0.1.0)
      puppetlabs-stdlib (>= 1.0.0)

PATH
  remote: ./modules-local/motd
  specs:
    flannon-motd (0.1.2)
      puppetlabs-stdlib (>= 1.0.0)

PATH
  remote: ./modules-local/vim
  specs:
    flannon-vim (2.1.0)

DEPENDENCIES
  example42-puppi (>= 0)
  flannon-archivesspace (>= 0)
  flannon-fw (>= 0)
  flannon-housekeeping (>= 0)
  flannon-motd (>= 0)
  flannon-vim (>= 0)
  maestrodev-rvm (>= 0)
  puppetlabs-firewall (>= 0)
  puppetlabs-java (>= 0)
  puppetlabs-mysql (>= 0)
  puppetlabs-stdlib (= 4.9.0)
  stahnma-epel (= 1.1.1)
  stankevich-python (>= 0)
  yguenane-repoforge (>= 0)

